
Microsoft Visual Studio Solution File, Format Version 12.00
# Visual Studio Version 16
VisualStudioVersion = 16.0.31424.327
MinimumVisualStudioVersion = 10.0.40219.1
Project("{FAE04EC0-301F-11D3-BF4B-00C04F79EFBC}") = "APITecsup", "APITecsup\APITecsup.csproj", "{9D141A04-7A7C-4925-9B57-287A38D9E25E}"
EndProject
Global
	GlobalSection(SolutionConfigurationPlatforms) = preSolution
		Debug|Any CPU = Debug|Any CPU
		Release|Any CPU = Release|Any CPU
	EndGlobalSection
	GlobalSection(ProjectConfigurationPlatforms) = postSolution
		{9D141A04-7A7C-4925-9B57-287A38D9E25E}.Debug|Any CPU.ActiveCfg = Debug|Any CPU
		{9D141A04-7A7C-4925-9B57-287A38D9E25E}.Debug|Any CPU.Build.0 = Debug|Any CPU
		{9D141A04-7A7C-4925-9B57-287A38D9E25E}.Release|Any CPU.ActiveCfg = Release|Any CPU
		{9D141A04-7A7C-4925-9B57-287A38D9E25E}.Release|Any CPU.Build.0 = Release|Any CPU
	EndGlobalSection
	GlobalSection(SolutionProperties) = preSolution
		HideSolutionNode = FALSE
	EndGlobalSection
	GlobalSection(ExtensibilityGlobals) = postSolution
		SolutionGuid = {7ED176DE-4FDD-4B11-8DB7-D578CF72F7DD}
	EndGlobalSection
EndGlobal
